
Microsoft Visual Studio Solution File, Format Version 12.00
# Visual Studio Version 16
VisualStudioVersion = 16.0.29418.71
MinimumVisualStudioVersion = 10.0.40219.1
Project("{FAE04EC0-301F-11D3-BF4B-00C04F79EFBC}") = "Server", "Server\Server.csproj", "{58EF789F-9DE3-449A-8499-C2A154D7DC5D}"
EndProject
Global
	GlobalSection(SolutionConfigurationPlatforms) = preSolution
		Debug|Any CPU = Debug|Any CPU
		Release|Any CPU = Release|Any CPU
	EndGlobalSection
	GlobalSection(ProjectConfigurationPlatforms) = postSolution
		{58EF789F-9DE3-449A-8499-C2A154D7DC5D}.Debug|Any CPU.ActiveCfg = Debug|Any CPU
		{58EF789F-9DE3-449A-8499-C2A154D7DC5D}.Debug|Any CPU.Build.0 = Debug|Any CPU
		{58EF789F-9DE3-449A-8499-C2A154D7DC5D}.Release|Any CPU.ActiveCfg = Release|Any CPU
		{58EF789F-9DE3-449A-8499-C2A154D7DC5D}.Release|Any CPU.Build.0 = Release|Any CPU
	EndGlobalSection
	GlobalSection(SolutionProperties) = preSolution
		HideSolutionNode = FALSE
	EndGlobalSection
	GlobalSection(ExtensibilityGlobals) = postSolution
		SolutionGuid = {26C8F76F-9962-4089-8BA5-958667BAEEA5}
	EndGlobalSection
EndGlobal
